
Microsoft Visual Studio Solution File, Format Version 12.00
# Visual Studio Version 17
Project("{8BC9CEB8-8B4A-11D0-8D11-00A0C91BC942}") = "ALL_BUILD", "ALL_BUILD.vcxproj", "{CCA3BC6A-B088-3DCF-9CC4-E3A9AE7969B6}"
	ProjectSection(ProjectDependencies) = postProject
		{42EDF045-05AB-392A-A75A-FCB5407FF2DB} = {42EDF045-05AB-392A-A75A-FCB5407FF2DB}
		{588D5707-589A-3721-A99D-18445D8E584F} = {588D5707-589A-3721-A99D-18445D8E584F}
	EndProjectSection
EndProject
Project("{8BC9CEB8-8B4A-11D0-8D11-00A0C91BC942}") = "INSTALL", "INSTALL.vcxproj", "{43E81957-D80E-3E0C-8716-41BFA5130DB6}"
	ProjectSection(ProjectDependencies) = postProject
		{CCA3BC6A-B088-3DCF-9CC4-E3A9AE7969B6} = {CCA3BC6A-B088-3DCF-9CC4-E3A9AE7969B6}
		{42EDF045-05AB-392A-A75A-FCB5407FF2DB} = {42EDF045-05AB-392A-A75A-FCB5407FF2DB}
	EndProjectSection
EndProject
Project("{8BC9CEB8-8B4A-11D0-8D11-00A0C91BC942}") = "ZERO_CHECK", "..\\ZERO_CHECK.vcxproj", "{42EDF045-05AB-392A-A75A-FCB5407FF2DB}"
	ProjectSection(ProjectDependencies) = postProject
	EndProjectSection
EndProject
Project("{8BC9CEB8-8B4A-11D0-8D11-00A0C91BC942}") = "dynamic_color_plugin", "..\plugins\dynamic_color\dynamic_color_plugin.vcxproj", "{8C872F03-324D-3990-87C1-7F5E8692BA76}"
	ProjectSection(ProjectDependencies) = postProject
		{42EDF045-05AB-392A-A75A-FCB5407FF2DB} = {42EDF045-05AB-392A-A75A-FCB5407FF2DB}
		{FD5E22EA-095A-321E-A8E0-0B4DDDC47567} = {FD5E22EA-095A-321E-A8E0-0B4DDDC47567}
		{D5B09B6C-09B7-3469-A114-51B0B9395ABB} = {D5B09B6C-09B7-3469-A114-51B0B9395ABB}
	EndProjectSection
EndProject
Project("{8BC9CEB8-8B4A-11D0-8D11-00A0C91BC942}") = "file_selector_windows_plugin", "..\plugins\file_selector_windows\file_selector_windows_plugin.vcxproj", "{246D3590-AB9E-36CD-B13C-6F0764A24273}"
	ProjectSection(ProjectDependencies) = postProject
		{42EDF045-05AB-392A-A75A-FCB5407FF2DB} = {42EDF045-05AB-392A-A75A-FCB5407FF2DB}
		{FD5E22EA-095A-321E-A8E0-0B4DDDC47567} = {FD5E22EA-095A-321E-A8E0-0B4DDDC47567}
		{D5B09B6C-09B7-3469-A114-51B0B9395ABB} = {D5B09B6C-09B7-3469-A114-51B0B9395ABB}
	EndProjectSection
EndProject
Project("{8BC9CEB8-8B4A-11D0-8D11-00A0C91BC942}") = "flutter_assemble", "..\flutter\flutter_assemble.vcxproj", "{FD5E22EA-095A-321E-A8E0-0B4DDDC47567}"
	ProjectSection(ProjectDependencies) = postProject
		{42EDF045-05AB-392A-A75A-FCB5407FF2DB} = {42EDF045-05AB-392A-A75A-FCB5407FF2DB}
	EndProjectSection
EndProject
Project("{8BC9CEB8-8B4A-11D0-8D11-00A0C91BC942}") = "flutter_wrapper_app", "..\flutter\flutter_wrapper_app.vcxproj", "{B9F5A1B0-A042-3EB2-A82E-609963373DEC}"
	ProjectSection(ProjectDependencies) = postProject
		{42EDF045-05AB-392A-A75A-FCB5407FF2DB} = {42EDF045-05AB-392A-A75A-FCB5407FF2DB}
		{FD5E22EA-095A-321E-A8E0-0B4DDDC47567} = {FD5E22EA-095A-321E-A8E0-0B4DDDC47567}
	EndProjectSection
EndProject
Project("{8BC9CEB8-8B4A-11D0-8D11-00A0C91BC942}") = "flutter_wrapper_plugin", "..\flutter\flutter_wrapper_plugin.vcxproj", "{D5B09B6C-09B7-3469-A114-51B0B9395ABB}"
	ProjectSection(ProjectDependencies) = postProject
		{42EDF045-05AB-392A-A75A-FCB5407FF2DB} = {42EDF045-05AB-392A-A75A-FCB5407FF2DB}
		{FD5E22EA-095A-321E-A8E0-0B4DDDC47567} = {FD5E22EA-095A-321E-A8E0-0B4DDDC47567}
	EndProjectSection
EndProject
Project("{8BC9CEB8-8B4A-11D0-8D11-00A0C91BC942}") = "media_kit_libs_windows_video_plugin", "..\plugins\media_kit_libs_windows_video\media_kit_libs_windows_video_plugin.vcxproj", "{54EA8761-C4C8-38AD-843D-934158028A55}"
	ProjectSection(ProjectDependencies) = postProject
		{42EDF045-05AB-392A-A75A-FCB5407FF2DB} = {42EDF045-05AB-392A-A75A-FCB5407FF2DB}
		{FD5E22EA-095A-321E-A8E0-0B4DDDC47567} = {FD5E22EA-095A-321E-A8E0-0B4DDDC47567}
		{D5B09B6C-09B7-3469-A114-51B0B9395ABB} = {D5B09B6C-09B7-3469-A114-51B0B9395ABB}
	EndProjectSection
EndProject
Project("{8BC9CEB8-8B4A-11D0-8D11-00A0C91BC942}") = "media_kit_video_plugin", "..\plugins\media_kit_video\media_kit_video_plugin.vcxproj", "{47AF7999-BA52-32BA-A0DE-8373E15BB37F}"
	ProjectSection(ProjectDependencies) = postProject
		{42EDF045-05AB-392A-A75A-FCB5407FF2DB} = {42EDF045-05AB-392A-A75A-FCB5407FF2DB}
		{FD5E22EA-095A-321E-A8E0-0B4DDDC47567} = {FD5E22EA-095A-321E-A8E0-0B4DDDC47567}
		{D5B09B6C-09B7-3469-A114-51B0B9395ABB} = {D5B09B6C-09B7-3469-A114-51B0B9395ABB}
	EndProjectSection
EndProject
Project("{8BC9CEB8-8B4A-11D0-8D11-00A0C91BC942}") = "screen_brightness_windows_plugin", "..\plugins\screen_brightness_windows\screen_brightness_windows_plugin.vcxproj", "{61E50B81-0379-39AE-B38B-7BE565A0FD5A}"
	ProjectSection(ProjectDependencies) = postProject
		{42EDF045-05AB-392A-A75A-FCB5407FF2DB} = {42EDF045-05AB-392A-A75A-FCB5407FF2DB}
		{FD5E22EA-095A-321E-A8E0-0B4DDDC47567} = {FD5E22EA-095A-321E-A8E0-0B4DDDC47567}
		{D5B09B6C-09B7-3469-A114-51B0B9395ABB} = {D5B09B6C-09B7-3469-A114-51B0B9395ABB}
	EndProjectSection
EndProject
Project("{8BC9CEB8-8B4A-11D0-8D11-00A0C91BC942}") = "syncro", "syncro.vcxproj", "{588D5707-589A-3721-A99D-18445D8E584F}"
	ProjectSection(ProjectDependencies) = postProject
		{42EDF045-05AB-392A-A75A-FCB5407FF2DB} = {42EDF045-05AB-392A-A75A-FCB5407FF2DB}
		{8C872F03-324D-3990-87C1-7F5E8692BA76} = {8C872F03-324D-3990-87C1-7F5E8692BA76}
		{246D3590-AB9E-36CD-B13C-6F0764A24273} = {246D3590-AB9E-36CD-B13C-6F0764A24273}
		{FD5E22EA-095A-321E-A8E0-0B4DDDC47567} = {FD5E22EA-095A-321E-A8E0-0B4DDDC47567}
		{B9F5A1B0-A042-3EB2-A82E-609963373DEC} = {B9F5A1B0-A042-3EB2-A82E-609963373DEC}
		{54EA8761-C4C8-38AD-843D-934158028A55} = {54EA8761-C4C8-38AD-843D-934158028A55}
		{47AF7999-BA52-32BA-A0DE-8373E15BB37F} = {47AF7999-BA52-32BA-A0DE-8373E15BB37F}
		{61E50B81-0379-39AE-B38B-7BE565A0FD5A} = {61E50B81-0379-39AE-B38B-7BE565A0FD5A}
		{D5C60C9E-BB80-3ED4-8343-F5D379FD3217} = {D5C60C9E-BB80-3ED4-8343-F5D379FD3217}
	EndProjectSection
EndProject
Project("{8BC9CEB8-8B4A-11D0-8D11-00A0C91BC942}") = "url_launcher_windows_plugin", "..\plugins\url_launcher_windows\url_launcher_windows_plugin.vcxproj", "{D5C60C9E-BB80-3ED4-8343-F5D379FD3217}"
	ProjectSection(ProjectDependencies) = postProject
		{42EDF045-05AB-392A-A75A-FCB5407FF2DB} = {42EDF045-05AB-392A-A75A-FCB5407FF2DB}
		{FD5E22EA-095A-321E-A8E0-0B4DDDC47567} = {FD5E22EA-095A-321E-A8E0-0B4DDDC47567}
		{D5B09B6C-09B7-3469-A114-51B0B9395ABB} = {D5B09B6C-09B7-3469-A114-51B0B9395ABB}
	EndProjectSection
EndProject
Global
	GlobalSection(SolutionConfigurationPlatforms) = preSolution
		Debug|x64 = Debug|x64
		Profile|x64 = Profile|x64
		Release|x64 = Release|x64
	EndGlobalSection
	GlobalSection(ProjectConfigurationPlatforms) = postSolution
		{CCA3BC6A-B088-3DCF-9CC4-E3A9AE7969B6}.Debug|x64.ActiveCfg = Debug|x64
		{CCA3BC6A-B088-3DCF-9CC4-E3A9AE7969B6}.Debug|x64.Build.0 = Debug|x64
		{CCA3BC6A-B088-3DCF-9CC4-E3A9AE7969B6}.Profile|x64.ActiveCfg = Profile|x64
		{CCA3BC6A-B088-3DCF-9CC4-E3A9AE7969B6}.Profile|x64.Build.0 = Profile|x64
		{CCA3BC6A-B088-3DCF-9CC4-E3A9AE7969B6}.Release|x64.ActiveCfg = Release|x64
		{CCA3BC6A-B088-3DCF-9CC4-E3A9AE7969B6}.Release|x64.Build.0 = Release|x64
		{43E81957-D80E-3E0C-8716-41BFA5130DB6}.Debug|x64.ActiveCfg = Debug|x64
		{43E81957-D80E-3E0C-8716-41BFA5130DB6}.Profile|x64.ActiveCfg = Profile|x64
		{43E81957-D80E-3E0C-8716-41BFA5130DB6}.Release|x64.ActiveCfg = Release|x64
		{42EDF045-05AB-392A-A75A-FCB5407FF2DB}.Debug|x64.ActiveCfg = Debug|x64
		{42EDF045-05AB-392A-A75A-FCB5407FF2DB}.Debug|x64.Build.0 = Debug|x64
		{42EDF045-05AB-392A-A75A-FCB5407FF2DB}.Profile|x64.ActiveCfg = Profile|x64
		{42EDF045-05AB-392A-A75A-FCB5407FF2DB}.Profile|x64.Build.0 = Profile|x64
		{42EDF045-05AB-392A-A75A-FCB5407FF2DB}.Release|x64.ActiveCfg = Release|x64
		{42EDF045-05AB-392A-A75A-FCB5407FF2DB}.Release|x64.Build.0 = Release|x64
		{8C872F03-324D-3990-87C1-7F5E8692BA76}.Debug|x64.ActiveCfg = Debug|x64
		{8C872F03-324D-3990-87C1-7F5E8692BA76}.Debug|x64.Build.0 = Debug|x64
		{8C872F03-324D-3990-87C1-7F5E8692BA76}.Profile|x64.ActiveCfg = Profile|x64
		{8C872F03-324D-3990-87C1-7F5E8692BA76}.Profile|x64.Build.0 = Profile|x64
		{8C872F03-324D-3990-87C1-7F5E8692BA76}.Release|x64.ActiveCfg = Release|x64
		{8C872F03-324D-3990-87C1-7F5E8692BA76}.Release|x64.Build.0 = Release|x64
		{246D3590-AB9E-36CD-B13C-6F0764A24273}.Debug|x64.ActiveCfg = Debug|x64
		{246D3590-AB9E-36CD-B13C-6F0764A24273}.Debug|x64.Build.0 = Debug|x64
		{246D3590-AB9E-36CD-B13C-6F0764A24273}.Profile|x64.ActiveCfg = Profile|x64
		{246D3590-AB9E-36CD-B13C-6F0764A24273}.Profile|x64.Build.0 = Profile|x64
		{246D3590-AB9E-36CD-B13C-6F0764A24273}.Release|x64.ActiveCfg = Release|x64
		{246D3590-AB9E-36CD-B13C-6F0764A24273}.Release|x64.Build.0 = Release|x64
		{FD5E22EA-095A-321E-A8E0-0B4DDDC47567}.Debug|x64.ActiveCfg = Debug|x64
		{FD5E22EA-095A-321E-A8E0-0B4DDDC47567}.Debug|x64.Build.0 = Debug|x64
		{FD5E22EA-095A-321E-A8E0-0B4DDDC47567}.Profile|x64.ActiveCfg = Profile|x64
		{FD5E22EA-095A-321E-A8E0-0B4DDDC47567}.Profile|x64.Build.0 = Profile|x64
		{FD5E22EA-095A-321E-A8E0-0B4DDDC47567}.Release|x64.ActiveCfg = Release|x64
		{FD5E22EA-095A-321E-A8E0-0B4DDDC47567}.Release|x64.Build.0 = Release|x64
		{B9F5A1B0-A042-3EB2-A82E-609963373DEC}.Debug|x64.ActiveCfg = Debug|x64
		{B9F5A1B0-A042-3EB2-A82E-609963373DEC}.Debug|x64.Build.0 = Debug|x64
		{B9F5A1B0-A042-3EB2-A82E-609963373DEC}.Profile|x64.ActiveCfg = Profile|x64
		{B9F5A1B0-A042-3EB2-A82E-609963373DEC}.Profile|x64.Build.0 = Profile|x64
		{B9F5A1B0-A042-3EB2-A82E-609963373DEC}.Release|x64.ActiveCfg = Release|x64
		{B9F5A1B0-A042-3EB2-A82E-609963373DEC}.Release|x64.Build.0 = Release|x64
		{D5B09B6C-09B7-3469-A114-51B0B9395ABB}.Debug|x64.ActiveCfg = Debug|x64
		{D5B09B6C-09B7-3469-A114-51B0B9395ABB}.Debug|x64.Build.0 = Debug|x64
		{D5B09B6C-09B7-3469-A114-51B0B9395ABB}.Profile|x64.ActiveCfg = Profile|x64
		{D5B09B6C-09B7-3469-A114-51B0B9395ABB}.Profile|x64.Build.0 = Profile|x64
		{D5B09B6C-09B7-3469-A114-51B0B9395ABB}.Release|x64.ActiveCfg = Release|x64
		{D5B09B6C-09B7-3469-A114-51B0B9395ABB}.Release|x64.Build.0 = Release|x64
		{54EA8761-C4C8-38AD-843D-934158028A55}.Debug|x64.ActiveCfg = Debug|x64
		{54EA8761-C4C8-38AD-843D-934158028A55}.Debug|x64.Build.0 = Debug|x64
		{54EA8761-C4C8-38AD-843D-934158028A55}.Profile|x64.ActiveCfg = Profile|x64
		{54EA8761-C4C8-38AD-843D-934158028A55}.Profile|x64.Build.0 = Profile|x64
		{54EA8761-C4C8-38AD-843D-934158028A55}.Release|x64.ActiveCfg = Release|x64
		{54EA8761-C4C8-38AD-843D-934158028A55}.Release|x64.Build.0 = Release|x64
		{47AF7999-BA52-32BA-A0DE-8373E15BB37F}.Debug|x64.ActiveCfg = Debug|x64
		{47AF7999-BA52-32BA-A0DE-8373E15BB37F}.Debug|x64.Build.0 = Debug|x64
		{47AF7999-BA52-32BA-A0DE-8373E15BB37F}.Profile|x64.ActiveCfg = Profile|x64
		{47AF7999-BA52-32BA-A0DE-8373E15BB37F}.Profile|x64.Build.0 = Profile|x64
		{47AF7999-BA52-32BA-A0DE-8373E15BB37F}.Release|x64.ActiveCfg = Release|x64
		{47AF7999-BA52-32BA-A0DE-8373E15BB37F}.Release|x64.Build.0 = Release|x64
		{61E50B81-0379-39AE-B38B-7BE565A0FD5A}.Debug|x64.ActiveCfg = Debug|x64
		{61E50B81-0379-39AE-B38B-7BE565A0FD5A}.Debug|x64.Build.0 = Debug|x64
		{61E50B81-0379-39AE-B38B-7BE565A0FD5A}.Profile|x64.ActiveCfg = Profile|x64
		{61E50B81-0379-39AE-B38B-7BE565A0FD5A}.Profile|x64.Build.0 = Profile|x64
		{61E50B81-0379-39AE-B38B-7BE565A0FD5A}.Release|x64.ActiveCfg = Release|x64
		{61E50B81-0379-39AE-B38B-7BE565A0FD5A}.Release|x64.Build.0 = Release|x64
		{588D5707-589A-3721-A99D-18445D8E584F}.Debug|x64.ActiveCfg = Debug|x64
		{588D5707-589A-3721-A99D-18445D8E584F}.Debug|x64.Build.0 = Debug|x64
		{588D5707-589A-3721-A99D-18445D8E584F}.Profile|x64.ActiveCfg = Profile|x64
		{588D5707-589A-3721-A99D-18445D8E584F}.Profile|x64.Build.0 = Profile|x64
		{588D5707-589A-3721-A99D-18445D8E584F}.Release|x64.ActiveCfg = Release|x64
		{588D5707-589A-3721-A99D-18445D8E584F}.Release|x64.Build.0 = Release|x64
		{D5C60C9E-BB80-3ED4-8343-F5D379FD3217}.Debug|x64.ActiveCfg = Debug|x64
		{D5C60C9E-BB80-3ED4-8343-F5D379FD3217}.Debug|x64.Build.0 = Debug|x64
		{D5C60C9E-BB80-3ED4-8343-F5D379FD3217}.Profile|x64.ActiveCfg = Profile|x64
		{D5C60C9E-BB80-3ED4-8343-F5D379FD3217}.Profile|x64.Build.0 = Profile|x64
		{D5C60C9E-BB80-3ED4-8343-F5D379FD3217}.Release|x64.ActiveCfg = Release|x64
		{D5C60C9E-BB80-3ED4-8343-F5D379FD3217}.Release|x64.Build.0 = Release|x64
	EndGlobalSection
	GlobalSection(ExtensibilityGlobals) = postSolution
		SolutionGuid = {A4733E81-92D7-37B4-87D0-ED34E6D0C3AA}
	EndGlobalSection
	GlobalSection(ExtensibilityAddIns) = postSolution
	EndGlobalSection
EndGlobal
